hash: 42d605199be31b4678d894b5060864c572d9eeb99eb63415ab07c1b41678da13
updated: 2018-04-18T15:45:18.03794-07:00
imports:
- name: github.com/akamai/AkamaiOPEN-edgegrid-golang
  version: 196fbdab2db66d0e231cc363efb63454f55fed1c
  subpackages:
  - client-v1
  - configdns-v1
  - edgegrid
  - jsonhooks-v1
- name: github.com/akamai/cli-common-golang
  version: 57308d48c8b24cad7be973455961fe321f22616a
- name: github.com/briandowns/spinner
  version: 48dbb65d7bd5c74ab50d53d04c949f20e3d14944
- name: github.com/dshafik/gozone
  version: 80dfb510e4487187d19cc8faab8edb4ea01bd38d
- name: github.com/fatih/color
  version: 507f6050b8568533fb3f5504de8e5205fa62a114
- name: github.com/go-ini/ini
  version: ace140f73450505f33e8b8418216792275ae82a7
- name: github.com/google/uuid
  version: 064e2069ce9c359c118179501254f67d7d37ba24
- name: github.com/mattn/go-colorable
  version: efa589957cd060542a26d2dd7832fd6a6c6c3ade
- name: github.com/mattn/go-isatty
  version: 0360b2af4f38e8d38c7fce2a9f4e702702d73a39
- name: github.com/mattn/go-runewidth
  version: ce7b0b5c7b45a81508558cd1dba6bb1e4ddb51bb
- name: github.com/mitchellh/go-homedir
  version: b8bc1bf767474819792c23f32d8286a45736f1c6
- name: github.com/olekukonko/tablewriter
  version: d5dd8a50526aadb3d5f2c9b5233277bc2db90e88
- name: github.com/sirupsen/logrus
  version: c155da19408a8799da419ed3eeb0cb5db0ad5dbc
- name: github.com/urfave/cli
  version: cfb38830724cc34fedffe9a2a29fb54fa9169cd1
- name: golang.org/x/crypto
  version: d6449816ce06963d9d136eee5a56fca5b0616e7e
  subpackages:
  - ssh/terminal
- name: golang.org/x/sys
  version: 9d4e42a20653790449273b3c85e67d6d8bae6e2e
  subpackages:
  - unix
  - windows
testImports: []
